
Microsoft Visual Studio Solution File, Format Version 12.00
# Visual Studio Version 16
VisualStudioVersion = 16.0.30517.126
MinimumVisualStudioVersion = 10.0.40219.1
Project("{9A19103F-16F7-4668-BE54-9A1E7A4F7556}") = "ClearFolder", "ClearFolder\ClearFolder.csproj", "{B2E5B0DE-52CC-46AC-AD56-62A9FD7EB606}"
EndProject
Project("{9A19103F-16F7-4668-BE54-9A1E7A4F7556}") = "CreateDirectory", "CreateDirectory\CreateDirectory.csproj", "{5079EC83-5490-44AA-8673-63584FD6F730}"
EndProject
Project("{FAE04EC0-301F-11D3-BF4B-00C04F79EFBC}") = "CreateFile", "CreateFile\CreateFile.csproj", "{379BBBFB-035E-4260-A91A-151159E1F8F1}"
EndProject
Project("{FAE04EC0-301F-11D3-BF4B-00C04F79EFBC}") = "MoveFile", "MoveFile\MoveFile.csproj", "{09FD3A47-96FE-407B-B956-CD1FB84F128F}"
EndProject
Project("{FAE04EC0-301F-11D3-BF4B-00C04F79EFBC}") = "DeleteFile", "DeleteFile\DeleteFile.csproj", "{6BFC232A-13F0-4592-AB2B-7DFEDA656F75}"
EndProject
Global
	GlobalSection(SolutionConfigurationPlatforms) = preSolution
		Debug|Any CPU = Debug|Any CPU
		Release|Any CPU = Release|Any CPU
	EndGlobalSection
	GlobalSection(ProjectConfigurationPlatforms) = postSolution
		{B2E5B0DE-52CC-46AC-AD56-62A9FD7EB606}.Debug|Any CPU.ActiveCfg = Debug|Any CPU
		{B2E5B0DE-52CC-46AC-AD56-62A9FD7EB606}.Debug|Any CPU.Build.0 = Debug|Any CPU
		{B2E5B0DE-52CC-46AC-AD56-62A9FD7EB606}.Release|Any CPU.ActiveCfg = Release|Any CPU
		{B2E5B0DE-52CC-46AC-AD56-62A9FD7EB606}.Release|Any CPU.Build.0 = Release|Any CPU
		{5079EC83-5490-44AA-8673-63584FD6F730}.Debug|Any CPU.ActiveCfg = Debug|Any CPU
		{5079EC83-5490-44AA-8673-63584FD6F730}.Debug|Any CPU.Build.0 = Debug|Any CPU
		{5079EC83-5490-44AA-8673-63584FD6F730}.Release|Any CPU.ActiveCfg = Release|Any CPU
		{5079EC83-5490-44AA-8673-63584FD6F730}.Release|Any CPU.Build.0 = Release|Any CPU
		{379BBBFB-035E-4260-A91A-151159E1F8F1}.Debug|Any CPU.ActiveCfg = Debug|Any CPU
		{379BBBFB-035E-4260-A91A-151159E1F8F1}.Debug|Any CPU.Build.0 = Debug|Any CPU
		{379BBBFB-035E-4260-A91A-151159E1F8F1}.Release|Any CPU.ActiveCfg = Release|Any CPU
		{379BBBFB-035E-4260-A91A-151159E1F8F1}.Release|Any CPU.Build.0 = Release|Any CPU
		{09FD3A47-96FE-407B-B956-CD1FB84F128F}.Debug|Any CPU.ActiveCfg = Debug|Any CPU
		{09FD3A47-96FE-407B-B956-CD1FB84F128F}.Debug|Any CPU.Build.0 = Debug|Any CPU
		{09FD3A47-96FE-407B-B956-CD1FB84F128F}.Release|Any CPU.ActiveCfg = Release|Any CPU
		{09FD3A47-96FE-407B-B956-CD1FB84F128F}.Release|Any CPU.Build.0 = Release|Any CPU
		{6BFC232A-13F0-4592-AB2B-7DFEDA656F75}.Debug|Any CPU.ActiveCfg = Debug|Any CPU
		{6BFC232A-13F0-4592-AB2B-7DFEDA656F75}.Debug|Any CPU.Build.0 = Debug|Any CPU
		{6BFC232A-13F0-4592-AB2B-7DFEDA656F75}.Release|Any CPU.ActiveCfg = Release|Any CPU
		{6BFC232A-13F0-4592-AB2B-7DFEDA656F75}.Release|Any CPU.Build.0 = Release|Any CPU
	EndGlobalSection
	GlobalSection(SolutionProperties) = preSolution
		HideSolutionNode = FALSE
	EndGlobalSection
	GlobalSection(ExtensibilityGlobals) = postSolution
		SolutionGuid = {EB4C869D-B4ED-46D5-9035-3D883067D3DD}
	EndGlobalSection
EndGlobal
